// !$*UTF8*$!
{
	archiveVersion = 1;
	classes = {
	};
	objectVersion = 50;
	objects = {

/* Begin PBXBuildFile section */
		B9250FC42099B00400762076 /* AppDelegate.swift in Sources */ = {isa = PBXBuildFile; fileRef = B9250FC32099B00400762076 /* AppDelegate.swift */; };
		B9250FC62099B00400762076 /* ViewController.swift in Sources */ = {isa = PBXBuildFile; fileRef = B9250FC52099B00400762076 /* ViewController.swift */; };
		B9250FC92099B00400762076 /* Main.storyboard in Resources */ = {isa = PBXBuildFile; fileRef = B9250FC72099B00400762076 /* Main.storyboard */; };
		B9250FCB2099B00900762076 /* Assets.xcassets in Resources */ = {isa = PBXBuildFile; fileRef = B9250FCA2099B00900762076 /* Assets.xcassets */; };
		B9250FCE2099B00900762076 /* LaunchScreen.storyboard in Resources */ = {isa = PBXBuildFile; fileRef = B9250FCC2099B00900762076 /* LaunchScreen.storyboard */; };
		B9250FD92099B00900762076 /* RxSwiftRailsTutorialTests.swift in Sources */ = {isa = PBXBuildFile; fileRef = B9250FD82099B00900762076 /* RxSwiftRailsTutorialTests.swift */; };
		B9250FE42099B00A00762076 /* RxSwiftRailsTutorialUITests.swift in Sources */ = {isa = PBXBuildFile; fileRef = B9250FE32099B00A00762076 /* RxSwiftRailsTutorialUITests.swift */; };
		B9250FF42099B40000762076 /* RxCocoa.framework in Frameworks */ = {isa = PBXBuildFile; fileRef = B9250FF22099B40000762076 /* RxCocoa.framework */; };
		B9250FF52099B40000762076 /* Alamofire.framework in Frameworks */ = {isa = PBXBuildFile; fileRef = B9250FF32099B40000762076 /* Alamofire.framework */; };
		B9250FF82099B48700762076 /* RxSwift.framework in Frameworks */ = {isa = PBXBuildFile; fileRef = B9250FF72099B48700762076 /* RxSwift.framework */; };
/* End PBXBuildFile section */

/* Begin PBXContainerItemProxy section */
		B9250FD52099B00900762076 /* PBXContainerItemProxy */ = {
			isa = PBXContainerItemProxy;
			containerPortal = B9250FB82099B00300762076 /* Project object */;
			proxyType = 1;
			remoteGlobalIDString = B9250FBF2099B00300762076;
			remoteInfo = RxSwiftRailsTutorial;
		};
		B9250FE02099B00A00762076 /* PBXContainerItemProxy */ = {
			isa = PBXContainerItemProxy;
			containerPortal = B9250FB82099B00300762076 /* Project object */;
			proxyType = 1;
			remoteGlobalIDString = B9250FBF2099B00300762076;
			remoteInfo = RxSwiftRailsTutorial;
		};
/* End PBXContainerItemProxy section */

/* Begin PBXFileReference section */
		B9250FC02099B00400762076 /* RxSwiftRailsTutorial.app */ = {isa = PBXFileReference; explicitFileType = wrapper.application; includeInIndex = 0; path = RxSwiftRailsTutorial.app; sourceTree = BUILT_PRODUCTS_DIR; };
		B9250FC32099B00400762076 /* AppDelegate.swift */ = {isa = PBXFileReference; lastKnownFileType = sourcecode.swift; path = AppDelegate.swift; sourceTree = "<group>"; };
		B9250FC52099B00400762076 /* ViewController.swift */ = {isa = PBXFileReference; lastKnownFileType = sourcecode.swift; path = ViewController.swift; sourceTree = "<group>"; };
		B9250FC82099B00400762076 /* Base */ = {isa = PBXFileReference; lastKnownFileType = file.storyboard; name = Base; path = Base.lproj/Main.storyboard; sourceTree = "<group>"; };
		B9250FCA2099B00900762076 /* Assets.xcassets */ = {isa = PBXFileReference; lastKnownFileType = folder.assetcatalog; path = Assets.xcassets; sourceTree = "<group>"; };
		B9250FCD2099B00900762076 /* Base */ = {isa = PBXFileReference; lastKnownFileType = file.storyboard; name = Base; path = Base.lproj/LaunchScreen.storyboard; sourceTree = "<group>"; };
		B9250FCF2099B00900762076 /* Info.plist */ = {isa = PBXFileReference; lastKnownFileType = text.plist.xml; path = Info.plist; sourceTree = "<group>"; };
		B9250FD42099B00900762076 /* RxSwiftRailsTutorialTests.xctest */ = {isa = PBXFileReference; explicitFileType = wrapper.cfbundle; includeInIndex = 0; path = RxSwiftRailsTutorialTests.xctest; sourceTree = BUILT_PRODUCTS_DIR; };
		B9250FD82099B00900762076 /* RxSwiftRailsTutorialTests.swift */ = {isa = PBXFileReference; lastKnownFileType = sourcecode.swift; path = RxSwiftRailsTutorialTests.swift; sourceTree = "<group>"; };
		B9250FDA2099B00A00762076 /* Info.plist */ = {isa = PBXFileReference; lastKnownFileType = text.plist.xml; path = Info.plist; sourceTree = "<group>"; };
		B9250FDF2099B00A00762076 /* RxSwiftRailsTutorialUITests.xctest */ = {isa = PBXFileReference; explicitFileType = wrapper.cfbundle; includeInIndex = 0; path = RxSwiftRailsTutorialUITests.xctest; sourceTree = BUILT_PRODUCTS_DIR; };
		B9250FE32099B00A00762076 /* RxSwiftRailsTutorialUITests.swift */ = {isa = PBXFileReference; lastKnownFileType = sourcecode.swift; path = RxSwiftRailsTutorialUITests.swift; sourceTree = "<group>"; };
		B9250FE52099B00A00762076 /* Info.plist */ = {isa = PBXFileReference; lastKnownFileType = text.plist.xml; path = Info.plist; sourceTree = "<group>"; };
		B9250FF22099B40000762076 /* RxCocoa.framework */ = {isa = PBXFileReference; lastKnownFileType = wrapper.framework; name = RxCocoa.framework; path = Carthage/Build/iOS/RxCocoa.framework; sourceTree = "<group>"; };
		B9250FF32099B40000762076 /* Alamofire.framework */ = {isa = PBXFileReference; lastKnownFileType = wrapper.framework; name = Alamofire.framework; path = Carthage/Build/iOS/Alamofire.framework; sourceTree = "<group>"; };
		B9250FF72099B48700762076 /* RxSwift.framework */ = {isa = PBXFileReference; lastKnownFileType = wrapper.framework; name = RxSwift.framework; path = Carthage/Build/iOS/RxSwift.framework; sourceTree = "<group>"; };
/* End PBXFileReference section */

/* Begin PBXFrameworksBuildPhase section */
		B9250FBD2099B00300762076 /* Frameworks */ = {
			isa = PBXFrameworksBuildPhase;
			buildActionMask = 2147483647;
			files = (
				B9250FF42099B40000762076 /* RxCocoa.framework in Frameworks */,
				B9250FF52099B40000762076 /* Alamofire.framework in Frameworks */,
				B9250FF82099B48700762076 /* RxSwift.framework in Frameworks */,
			);
			runOnlyForDeploymentPostprocessing = 0;
		};
		B9250FD12099B00900762076 /* Frameworks */ = {
			isa = PBXFrameworksBuildPhase;
			buildActionMask = 2147483647;
			files = (
			);
			runOnlyForDeploymentPostprocessing = 0;
		};
		B9250FDC2099B00A00762076 /* Frameworks */ = {
			isa = PBXFrameworksBuildPhase;
			buildActionMask = 2147483647;
			files = (
			);
			runOnlyForDeploymentPostprocessing = 0;
		};
/* End PBXFrameworksBuildPhase section */

/* Begin PBXGroup section */
		B9250FB72099B00300762076 = {
			isa = PBXGroup;
			children = (
				B9250FC22099B00400762076 /* RxSwiftRailsTutorial */,
				B9250FD72099B00900762076 /* RxSwiftRailsTutorialTests */,
				B9250FE22099B00A00762076 /* RxSwiftRailsTutorialUITests */,
				B9250FC12099B00400762076 /* Products */,
				B9250FF12099B40000762076 /* Frameworks */,
			);
			sourceTree = "<group>";
		};
		B9250FC12099B00400762076 /* Products */ = {
			isa = PBXGroup;
			children = (
				B9250FC02099B00400762076 /* RxSwiftRailsTutorial.app */,
				B9250FD42099B00900762076 /* RxSwiftRailsTutorialTests.xctest */,
				B9250FDF2099B00A00762076 /* RxSwiftRailsTutorialUITests.xctest */,
			);
			name = Products;
			sourceTree = "<group>";
		};
		B9250FC22099B00400762076 /* RxSwiftRailsTutorial */ = {
			isa = PBXGroup;
			children = (
				B9250FC32099B00400762076 /* AppDelegate.swift */,
				B9250FC52099B00400762076 /* ViewController.swift */,
				B9250FC72099B00400762076 /* Main.storyboard */,
				B9250FCA2099B00900762076 /* Assets.xcassets */,
				B9250FCC2099B00900762076 /* LaunchScreen.storyboard */,
				B9250FCF2099B00900762076 /* Info.plist */,
			);
			path = RxSwiftRailsTutorial;
			sourceTree = "<group>";
		};
		B9250FD72099B00900762076 /* RxSwiftRailsTutorialTests */ = {
			isa = PBXGroup;
			children = (
				B9250FD82099B00900762076 /* RxSwiftRailsTutorialTests.swift */,
				B9250FDA2099B00A00762076 /* Info.plist */,
			);
			path = RxSwiftRailsTutorialTests;
			sourceTree = "<group>";
		};
		B9250FE22099B00A00762076 /* RxSwiftRailsTutorialUITests */ = {
			isa = PBXGroup;
			children = (
				B9250FE32099B00A00762076 /* RxSwiftRailsTutorialUITests.swift */,
				B9250FE52099B00A00762076 /* Info.plist */,
			);
			path = RxSwiftRailsTutorialUITests;
			sourceTree = "<group>";
		};
		B9250FF12099B40000762076 /* Frameworks */ = {
			isa = PBXGroup;
			children = (
				B9250FF72099B48700762076 /* RxSwift.framework */,
				B9250FF32099B40000762076 /* Alamofire.framework */,
				B9250FF22099B40000762076 /* RxCocoa.framework */,
			);
			name = Frameworks;
			sourceTree = "<group>";
		};
/* End PBXGroup section */

/* Begin PBXNativeTarget section */
		B9250FBF2099B00300762076 /* RxSwiftRailsTutorial */ = {
			isa = PBXNativeTarget;
			buildConfigurationList = B9250FE82099B00A00762076 /* Build configuration list for PBXNativeTarget "RxSwiftRailsTutorial" */;
			buildPhases = (
				B9250FBC2099B00300762076 /* Sources */,
				B9250FBD2099B00300762076 /* Frameworks */,
				B9250FBE2099B00300762076 /* Resources */,
				B9250FF62099B40B00762076 /* ShellScript */,
			);
			buildRules = (
			);
			dependencies = (
			);
			name = RxSwiftRailsTutorial;
			productName = RxSwiftRailsTutorial;
			productReference = B9250FC02099B00400762076 /* RxSwiftRailsTutorial.app */;
			productType = "com.apple.product-type.application";
		};
		B9250FD32099B00900762076 /* RxSwiftRailsTutorialTests */ = {
			isa = PBXNativeTarget;
			buildConfigurationList = B9250FEB2099B00A00762076 /* Build configuration list for PBXNativeTarget "RxSwiftRailsTutorialTests" */;
			buildPhases = (
				B9250FD02099B00900762076 /* Sources */,
				B9250FD12099B00900762076 /* Frameworks */,
				B9250FD22099B00900762076 /* Resources */,
			);
			buildRules = (
			);
			dependencies = (
				B9250FD62099B00900762076 /* PBXTargetDependency */,
			);
			name = RxSwiftRailsTutorialTests;
			productName = RxSwiftRailsTutorialTests;
			productReference = B9250FD42099B00900762076 /* RxSwiftRailsTutorialTests.xctest */;
			productType = "com.apple.product-type.bundle.unit-test";
		};
		B9250FDE2099B00A00762076 /* RxSwiftRailsTutorialUITests */ = {
			isa = PBXNativeTarget;
			buildConfigurationList = B9250FEE2099B00A00762076 /* Build configuration list for PBXNativeTarget "RxSwiftRailsTutorialUITests" */;
			buildPhases = (
				B9250FDB2099B00A00762076 /* Sources */,
				B9250FDC2099B00A00762076 /* Frameworks */,
				B9250FDD2099B00A00762076 /* Resources */,
			);
			buildRules = (
			);
			dependencies = (
				B9250FE12099B00A00762076 /* PBXTargetDependency */,
			);
			name = RxSwiftRailsTutorialUITests;
			productName = RxSwiftRailsTutorialUITests;
			productReference = B9250FDF2099B00A00762076 /* RxSwiftRailsTutorialUITests.xctest */;
			productType = "com.apple.product-type.bundle.ui-testing";
		};
/* End PBXNativeTarget section */

/* Begin PBXProject section */
		B9250FB82099B00300762076 /* Project object */ = {
			isa = PBXProject;
			attributes = {
				LastSwiftUpdateCheck = 0930;
				LastUpgradeCheck = 0930;
				ORGANIZATIONNAME = "Kazuhiro Furue";
				TargetAttributes = {
					B9250FBF2099B00300762076 = {
						CreatedOnToolsVersion = 9.3;
					};
					B9250FD32099B00900762076 = {
						CreatedOnToolsVersion = 9.3;
						TestTargetID = B9250FBF2099B00300762076;
					};
					B9250FDE2099B00A00762076 = {
						CreatedOnToolsVersion = 9.3;
						TestTargetID = B9250FBF2099B00300762076;
					};
				};
			};
			buildConfigurationList = B9250FBB2099B00300762076 /* Build configuration list for PBXProject "RxSwiftRailsTutorial" */;
			compatibilityVersion = "Xcode 9.3";
			developmentRegion = en;
			hasScannedForEncodings = 0;
			knownRegions = (
				en,
				Base,
			);
			mainGroup = B9250FB72099B00300762076;
			productRefGroup = B9250FC12099B00400762076 /* Products */;
			projectDirPath = "";
			projectRoot = "";
			targets = (
				B9250FBF2099B00300762076 /* RxSwiftRailsTutorial */,
				B9250FD32099B00900762076 /* RxSwiftRailsTutorialTests */,
				B9250FDE2099B00A00762076 /* RxSwiftRailsTutorialUITests */,
			);
		};
/* End PBXProject section */

/* Begin PBXResourcesBuildPhase section */
		B9250FBE2099B00300762076 /* Resources */ = {
			isa = PBXResourcesBuildPhase;
			buildActionMask = 2147483647;
			files = (
				B9250FCE2099B00900762076 /* LaunchScreen.storyboard in Resources */,
				B9250FCB2099B00900762076 /* Assets.xcassets in Resources */,
				B9250FC92099B00400762076 /* Main.storyboard in Resources */,
			);
			runOnlyForDeploymentPostprocessing = 0;
		};
		B9250FD22099B00900762076 /* Resources */ = {
			isa = PBXResourcesBuildPhase;
			buildActionMask = 2147483647;
			files = (
			);
			runOnlyForDeploymentPostprocessing = 0;
		};
		B9250FDD2099B00A00762076 /* Resources */ = {
			isa = PBXResourcesBuildPhase;
			buildActionMask = 2147483647;
			files = (
			);
			runOnlyForDeploymentPostprocessing = 0;
		};
/* End PBXResourcesBuildPhase section */

/* Begin PBXShellScriptBuildPhase section */
		B9250FF62099B40B00762076 /* ShellScript */ = {
			isa = PBXShellScriptBuildPhase;
			buildActionMask = 2147483647;
			files = (
			);
			inputPaths = (
				"$(SRCROOT)/Carthage/Build/iOS/Alamofire.framework",
				"$(SRCROOT)/Carthage/Build/iOS/RxCocoa.framework",
				"$(SRCROOT)/Carthage/Build/iOS/RxSwift.framework",
			);
			outputPaths = (
				"$(BUILT_PRODUCTS_DIR)/$(FRAMEWORKS_FOLDER_PATH)/Alamofire.framework",
				"$(BUILT_PRODUCTS_DIR)/$(FRAMEWORKS_FOLDER_PATH)/RxCocoa.framework",
				"$(BUILT_PRODUCTS_DIR)/$(FRAMEWORKS_FOLDER_PATH)/RxSwift.framework",
			);
			runOnlyForDeploymentPostprocessing = 0;
			shellPath = /bin/sh;
			shellScript = "/usr/local/bin/carthage copy-frameworks";
		};
/* End PBXShellScriptBuildPhase section */

/* Begin PBXSourcesBuildPhase section */
		B9250FBC2099B00300762076 /* Sources */ = {
			isa = PBXSourcesBuildPhase;
			buildActionMask = 2147483647;
			files = (
				B9250FC62099B00400762076 /* ViewController.swift in Sources */,
				B9250FC42099B00400762076 /* AppDelegate.swift in Sources */,
			);
			runOnlyForDeploymentPostprocessing = 0;
		};
		B9250FD02099B00900762076 /* Sources */ = {
			isa = PBXSourcesBuildPhase;
			buildActionMask = 2147483647;
			files = (
				B9250FD92099B00900762076 /* RxSwiftRailsTutorialTests.swift in Sources */,
			);
			runOnlyForDeploymentPostprocessing = 0;
		};
		B9250FDB2099B00A00762076 /* Sources */ = {
			isa = PBXSourcesBuildPhase;
			buildActionMask = 2147483647;
			files = (
				B9250FE42099B00A00762076 /* RxSwiftRailsTutorialUITests.swift in Sources */,
			);
			runOnlyForDeploymentPostprocessing = 0;
		};
/* End PBXSourcesBuildPhase section */

/* Begin PBXTargetDependency section */
		B9250FD62099B00900762076 /* PBXTargetDependency */ = {
			isa = PBXTargetDependency;
			target = B9250FBF2099B00300762076 /* RxSwiftRailsTutorial */;
			targetProxy = B9250FD52099B00900762076 /* PBXContainerItemProxy */;
		};
		B9250FE12099B00A00762076 /* PBXTargetDependency */ = {
			isa = PBXTargetDependency;
			target = B9250FBF2099B00300762076 /* RxSwiftRailsTutorial */;
			targetProxy = B9250FE02099B00A00762076 /* PBXContainerItemProxy */;
		};
/* End PBXTargetDependency section */

/* Begin PBXVariantGroup section */
		B9250FC72099B00400762076 /* Main.storyboard */ = {
			isa = PBXVariantGroup;
			children = (
				B9250FC82099B00400762076 /* Base */,
			);
			name = Main.storyboard;
			sourceTree = "<group>";
		};
		B9250FCC2099B00900762076 /* LaunchScreen.storyboard */ = {
			isa = PBXVariantGroup;
			children = (
				B9250FCD2099B00900762076 /* Base */,
			);
			name = LaunchScreen.storyboard;
			sourceTree = "<group>";
		};
/* End PBXVariantGroup section */

/* Begin XCBuildConfiguration section */
		B9250FE62099B00A00762076 /* Debug */ = {
			isa = XCBuildConfiguration;
			buildSettings = {
				ALWAYS_SEARCH_USER_PATHS = NO;
				CLANG_ANALYZER_NONNULL = YES;
				CLANG_ANALYZER_NUMBER_OBJECT_CONVERSION = YES_AGGRESSIVE;
				CLANG_CXX_LANGUAGE_STANDARD = "gnu++14";
				CLANG_CXX_LIBRARY = "libc++";
				CLANG_ENABLE_MODULES = YES;
				CLANG_ENABLE_OBJC_ARC = YES;
				CLANG_ENABLE_OBJC_WEAK = YES;
				CLANG_WARN_BLOCK_CAPTURE_AUTORELEASING = YES;
				CLANG_WARN_BOOL_CONVERSION = YES;
				CLANG_WARN_COMMA = YES;
				CLANG_WARN_CONSTANT_CONVERSION = YES;
				CLANG_WARN_DEPRECATED_OBJC_IMPLEMENTATIONS = YES;
				CLANG_WARN_DIRECT_OBJC_ISA_USAGE = YES_ERROR;
				CLANG_WARN_DOCUMENTATION_COMMENTS = YES;
				CLANG_WARN_EMPTY_BODY = YES;
				CLANG_WARN_ENUM_CONVERSION = YES;
				CLANG_WARN_INFINITE_RECURSION = YES;
				CLANG_WARN_INT_CONVERSION = YES;
				CLANG_WARN_NON_LITERAL_NULL_CONVERSION = YES;
				CLANG_WARN_OBJC_IMPLICIT_RETAIN_SELF = YES;
				CLANG_WARN_OBJC_LITERAL_CONVERSION = YES;
				CLANG_WARN_OBJC_ROOT_CLASS = YES_ERROR;
				CLANG_WARN_RANGE_LOOP_ANALYSIS = YES;
				CLANG_WARN_STRICT_PROTOTYPES = YES;
				CLANG_WARN_SUSPICIOUS_MOVE = YES;
				CLANG_WARN_UNGUARDED_AVAILABILITY = YES_AGGRESSIVE;
				CLANG_WARN_UNREACHABLE_CODE = YES;
				CLANG_WARN__DUPLICATE_METHOD_MATCH = YES;
				CODE_SIGN_IDENTITY = "iPhone Developer";
				COPY_PHASE_STRIP = NO;
				DEBUG_INFORMATION_FORMAT = dwarf;
				ENABLE_STRICT_OBJC_MSGSEND = YES;
				ENABLE_TESTABILITY = YES;
				GCC_C_LANGUAGE_STANDARD = gnu11;
				GCC_DYNAMIC_NO_PIC = NO;
				GCC_NO_COMMON_BLOCKS = YES;
				GCC_OPTIMIZATION_LEVEL = 0;
				GCC_PREPROCESSOR_DEFINITIONS = (
					"DEBUG=1",
					"$(inherited)",
				);
				GCC_WARN_64_TO_32_BIT_CONVERSION = YES;
				GCC_WARN_ABOUT_RETURN_TYPE = YES_ERROR;
				GCC_WARN_UNDECLARED_SELECTOR = YES;
				GCC_WARN_UNINITIALIZED_AUTOS = YES_AGGRESSIVE;
				GCC_WARN_UNUSED_FUNCTION = YES;
				GCC_WARN_UNUSED_VARIABLE = YES;
				IPHONEOS_DEPLOYMENT_TARGET = 11.3;
				MTL_ENABLE_DEBUG_INFO = YES;
				ONLY_ACTIVE_ARCH = YES;
				SDKROOT = iphoneos;
				SWIFT_ACTIVE_COMPILATION_CONDITIONS = DEBUG;
				SWIFT_OPTIMIZATION_LEVEL = "-Onone";
			};
			name = Debug;
		};
		B9250FE72099B00A00762076 /* Release */ = {
			isa = XCBuildConfiguration;
			buildSettings = {
				ALWAYS_SEARCH_USER_PATHS = NO;
				CLANG_ANALYZER_NONNULL = YES;
				CLANG_ANALYZER_NUMBER_OBJECT_CONVERSION = YES_AGGRESSIVE;
				CLANG_CXX_LANGUAGE_STANDARD = "gnu++14";
				CLANG_CXX_LIBRARY = "libc++";
				CLANG_ENABLE_MODULES = YES;
				CLANG_ENABLE_OBJC_ARC = YES;
				CLANG_ENABLE_OBJC_WEAK = YES;
				CLANG_WARN_BLOCK_CAPTURE_AUTORELEASING = YES;
				CLANG_WARN_BOOL_CONVERSION = YES;
				CLANG_WARN_COMMA = YES;
				CLANG_WARN_CONSTANT_CONVERSION = YES;
				CLANG_WARN_DEPRECATED_OBJC_IMPLEMENTATIONS = YES;
				CLANG_WARN_DIRECT_OBJC_ISA_USAGE = YES_ERROR;
				CLANG_WARN_DOCUMENTATION_COMMENTS = YES;
				CLANG_WARN_EMPTY_BODY = YES;
				CLANG_WARN_ENUM_CONVERSION = YES;
				CLANG_WARN_INFINITE_RECURSION = YES;
				CLANG_WARN_INT_CONVERSION = YES;
				CLANG_WARN_NON_LITERAL_NULL_CONVERSION = YES;
				CLANG_WARN_OBJC_IMPLICIT_RETAIN_SELF = YES;
				CLANG_WARN_OBJC_LITERAL_CONVERSION = YES;
				CLANG_WARN_OBJC_ROOT_CLASS = YES_ERROR;
				CLANG_WARN_RANGE_LOOP_ANALYSIS = YES;
				CLANG_WARN_STRICT_PROTOTYPES = YES;
				CLANG_WARN_SUSPICIOUS_MOVE = YES;
				CLANG_WARN_UNGUARDED_AVAILABILITY = YES_AGGRESSIVE;
				CLANG_WARN_UNREACHABLE_CODE = YES;
				CLANG_WARN__DUPLICATE_METHOD_MATCH = YES;
				CODE_SIGN_IDENTITY = "iPhone Developer";
				COPY_PHASE_STRIP = NO;
				DEBUG_INFORMATION_FORMAT = "dwarf-with-dsym";
				ENABLE_NS_ASSERTIONS = NO;
				ENABLE_STRICT_OBJC_MSGSEND = YES;
				GCC_C_LANGUAGE_STANDARD = gnu11;
				GCC_NO_COMMON_BLOCKS = YES;
				GCC_WARN_64_TO_32_BIT_CONVERSION = YES;
				GCC_WARN_ABOUT_RETURN_TYPE = YES_ERROR;
				GCC_WARN_UNDECLARED_SELECTOR = YES;
				GCC_WARN_UNINITIALIZED_AUTOS = YES_AGGRESSIVE;
				GCC_WARN_UNUSED_FUNCTION = YES;
				GCC_WARN_UNUSED_VARIABLE = YES;
				IPHONEOS_DEPLOYMENT_TARGET = 11.3;
				MTL_ENABLE_DEBUG_INFO = NO;
				SDKROOT = iphoneos;
				SWIFT_COMPILATION_MODE = wholemodule;
				SWIFT_OPTIMIZATION_LEVEL = "-O";
				VALIDATE_PRODUCT = YES;
			};
			name = Release;
		};
		B9250FE92099B00A00762076 /* Debug */ = {
			isa = XCBuildConfiguration;
			buildSettings = {
				ASSETCATALOG_COMPILER_APPICON_NAME = AppIcon;
				CODE_SIGN_STYLE = Automatic;
				DEVELOPMENT_TEAM = L6J6597M8N;
				FRAMEWORK_SEARCH_PATHS = (
					"$(inherited)",
					"$(PROJECT_DIR)/Carthage/Build/iOS",
				);
				INFOPLIST_FILE = RxSwiftRailsTutorial/Info.plist;
				LD_RUNPATH_SEARCH_PATHS = (
					"$(inherited)",
					"@executable_path/Frameworks",
				);
				PRODUCT_BUNDLE_IDENTIFIER = kfurue.RxSwiftRailsTutorial;
				PRODUCT_NAME = "$(TARGET_NAME)";
				SWIFT_VERSION = 4.0;
				TARGETED_DEVICE_FAMILY = "1,2";
			};
			name = Debug;
		};
		B9250FEA2099B00A00762076 /* Release */ = {
			isa = XCBuildConfiguration;
			buildSettings = {
				ASSETCATALOG_COMPILER_APPICON_NAME = AppIcon;
				CODE_SIGN_STYLE = Automatic;
				DEVELOPMENT_TEAM = L6J6597M8N;
				FRAMEWORK_SEARCH_PATHS = (
					"$(inherited)",
					"$(PROJECT_DIR)/Carthage/Build/iOS",
				);
				INFOPLIST_FILE = RxSwiftRailsTutorial/Info.plist;
				LD_RUNPATH_SEARCH_PATHS = (
					"$(inherited)",
					"@executable_path/Frameworks",
				);
				PRODUCT_BUNDLE_IDENTIFIER = kfurue.RxSwiftRailsTutorial;
				PRODUCT_NAME = "$(TARGET_NAME)";
				SWIFT_VERSION = 4.0;
				TARGETED_DEVICE_FAMILY = "1,2";
			};
			name = Release;
		};
		B9250FEC2099B00A00762076 /* Debug */ = {
			isa = XCBuildConfiguration;
			buildSettings = {
				ALWAYS_EMBED_SWIFT_STANDARD_LIBRARIES = YES;
				BUNDLE_LOADER = "$(TEST_HOST)";
				CODE_SIGN_STYLE = Automatic;
				DEVELOPMENT_TEAM = L6J6597M8N;
				INFOPLIST_FILE = RxSwiftRailsTutorialTests/Info.plist;
				LD_RUNPATH_SEARCH_PATHS = (
					"$(inherited)",
					"@executable_path/Frameworks",
					"@loader_path/Frameworks",
				);
				PRODUCT_BUNDLE_IDENTIFIER = kfurue.RxSwiftRailsTutorialTests;
				PRODUCT_NAME = "$(TARGET_NAME)";
				SWIFT_VERSION = 4.0;
				TARGETED_DEVICE_FAMILY = "1,2";
				TEST_HOST = "$(BUILT_PRODUCTS_DIR)/RxSwiftRailsTutorial.app/RxSwiftRailsTutorial";
			};
			name = Debug;
		};
		B9250FED2099B00A00762076 /* Release */ = {
			isa = XCBuildConfiguration;
			buildSettings = {
				ALWAYS_EMBED_SWIFT_STANDARD_LIBRARIES = YES;
				BUNDLE_LOADER = "$(TEST_HOST)";
				CODE_SIGN_STYLE = Automatic;
				DEVELOPMENT_TEAM = L6J6597M8N;
				INFOPLIST_FILE = RxSwiftRailsTutorialTests/Info.plist;
				LD_RUNPATH_SEARCH_PATHS = (
					"$(inherited)",
					"@executable_path/Frameworks",
					"@loader_path/Frameworks",
				);
				PRODUCT_BUNDLE_IDENTIFIER = kfurue.RxSwiftRailsTutorialTests;
				PRODUCT_NAME = "$(TARGET_NAME)";
				SWIFT_VERSION = 4.0;
				TARGETED_DEVICE_FAMILY = "1,2";
				TEST_HOST = "$(BUILT_PRODUCTS_DIR)/RxSwiftRailsTutorial.app/RxSwiftRailsTutorial";
			};
			name = Release;
		};
		B9250FEF2099B00A00762076 /* Debug */ = {
			isa = XCBuildConfiguration;
			buildSettings = {
				ALWAYS_EMBED_SWIFT_STANDARD_LIBRARIES = YES;
				CODE_SIGN_STYLE = Automatic;
				DEVELOPMENT_TEAM = L6J6597M8N;
				INFOPLIST_FILE = RxSwiftRailsTutorialUITests/Info.plist;
				LD_RUNPATH_SEARCH_PATHS = (
					"$(inherited)",
					"@executable_path/Frameworks",
					"@loader_path/Frameworks",
				);
				PRODUCT_BUNDLE_IDENTIFIER = kfurue.RxSwiftRailsTutorialUITests;
				PRODUCT_NAME = "$(TARGET_NAME)";
				SWIFT_VERSION = 4.0;
				TARGETED_DEVICE_FAMILY = "1,2";
				TEST_TARGET_NAME = RxSwiftRailsTutorial;
			};
			name = Debug;
		};
		B9250FF02099B00A00762076 /* Release */ = {
			isa = XCBuildConfiguration;
			buildSettings = {
				ALWAYS_EMBED_SWIFT_STANDARD_LIBRARIES = YES;
				CODE_SIGN_STYLE = Automatic;
				DEVELOPMENT_TEAM = L6J6597M8N;
				INFOPLIST_FILE = RxSwiftRailsTutorialUITests/Info.plist;
				LD_RUNPATH_SEARCH_PATHS = (
					"$(inherited)",
					"@executable_path/Frameworks",
					"@loader_path/Frameworks",
				);
				PRODUCT_BUNDLE_IDENTIFIER = kfurue.RxSwiftRailsTutorialUITests;
				PRODUCT_NAME = "$(TARGET_NAME)";
				SWIFT_VERSION = 4.0;
				TARGETED_DEVICE_FAMILY = "1,2";
				TEST_TARGET_NAME = RxSwiftRailsTutorial;
			};
			name = Release;
		};
/* End XCBuildConfiguration section */

/* Begin XCConfigurationList section */
		B9250FBB2099B00300762076 /* Build configuration list for PBXProject "RxSwiftRailsTutorial" */ = {
			isa = XCConfigurationList;
			buildConfigurations = (
				B9250FE62099B00A00762076 /* Debug */,
				B9250FE72099B00A00762076 /* Release */,
			);
			defaultConfigurationIsVisible = 0;
			defaultConfigurationName = Release;
		};
		B9250FE82099B00A00762076 /* Build configuration list for PBXNativeTarget "RxSwiftRailsTutorial" */ = {
			isa = XCConfigurationList;
			buildConfigurations = (
				B9250FE92099B00A00762076 /* Debug */,
				B9250FEA2099B00A00762076 /* Release */,
			);
			defaultConfigurationIsVisible = 0;
			defaultConfigurationName = Release;
		};
		B9250FEB2099B00A00762076 /* Build configuration list for PBXNativeTarget "RxSwiftRailsTutorialTests" */ = {
			isa = XCConfigurationList;
			buildConfigurations = (
				B9250FEC2099B00A00762076 /* Debug */,
				B9250FED2099B00A00762076 /* Release */,
			);
			defaultConfigurationIsVisible = 0;
			defaultConfigurationName = Release;
		};
		B9250FEE2099B00A00762076 /* Build configuration list for PBXNativeTarget "RxSwiftRailsTutorialUITests" */ = {
			isa = XCConfigurationList;
			buildConfigurations = (
				B9250FEF2099B00A00762076 /* Debug */,
				B9250FF02099B00A00762076 /* Release */,
			);
			defaultConfigurationIsVisible = 0;
			defaultConfigurationName = Release;
		};
/* End XCConfigurationList section */
	};
	rootObject = B9250FB82099B00300762076 /* Project object */;
}
